
Microsoft Visual Studio Solution File, Format Version 12.00
# Visual Studio Version 17
VisualStudioVersion = 17.6.33829.357
MinimumVisualStudioVersion = 10.0.40219.1
Project("{2150E333-8FDC-42A3-9474-1A3956D46DE8}") = "Core", "Core", "{8D52D015-43B7-4BB6-8287-398CD266FF47}"
EndProject
Project("{9A19103F-16F7-4668-BE54-9A1E7A4F7556}") = "Application", "Application\Application.csproj", "{3F9278F8-36DC-405F-944C-5A1F5BDF8540}"
EndProject
Project("{9A19103F-16F7-4668-BE54-9A1E7A4F7556}") = "Domain", "Domain\Domain.csproj", "{E8FE9F90-5BE5-4C1F-9419-AEFAFA5FEFE5}"
EndProject
Project("{2150E333-8FDC-42A3-9474-1A3956D46DE8}") = "Presentation", "Presentation", "{620F96EF-DBF6-4FC8-837A-DA3BD8CC760E}"
EndProject
Project("{9A19103F-16F7-4668-BE54-9A1E7A4F7556}") = "ISNPSWeb", "ISNPSWeb\ISNPSWeb.csproj", "{24862D67-3D65-408E-8D43-CC518CC30261}"
EndProject
Global
	GlobalSection(SolutionConfigurationPlatforms) = preSolution
		Debug|Any CPU = Debug|Any CPU
		Release|Any CPU = Release|Any CPU
	EndGlobalSection
	GlobalSection(ProjectConfigurationPlatforms) = postSolution
		{3F9278F8-36DC-405F-944C-5A1F5BDF8540}.Debug|Any CPU.ActiveCfg = Debug|Any CPU
		{3F9278F8-36DC-405F-944C-5A1F5BDF8540}.Debug|Any CPU.Build.0 = Debug|Any CPU
		{3F9278F8-36DC-405F-944C-5A1F5BDF8540}.Release|Any CPU.ActiveCfg = Release|Any CPU
		{3F9278F8-36DC-405F-944C-5A1F5BDF8540}.Release|Any CPU.Build.0 = Release|Any CPU
		{E8FE9F90-5BE5-4C1F-9419-AEFAFA5FEFE5}.Debug|Any CPU.ActiveCfg = Debug|Any CPU
		{E8FE9F90-5BE5-4C1F-9419-AEFAFA5FEFE5}.Debug|Any CPU.Build.0 = Debug|Any CPU
		{E8FE9F90-5BE5-4C1F-9419-AEFAFA5FEFE5}.Release|Any CPU.ActiveCfg = Release|Any CPU
		{E8FE9F90-5BE5-4C1F-9419-AEFAFA5FEFE5}.Release|Any CPU.Build.0 = Release|Any CPU
		{24862D67-3D65-408E-8D43-CC518CC30261}.Debug|Any CPU.ActiveCfg = Debug|Any CPU
		{24862D67-3D65-408E-8D43-CC518CC30261}.Debug|Any CPU.Build.0 = Debug|Any CPU
		{24862D67-3D65-408E-8D43-CC518CC30261}.Release|Any CPU.ActiveCfg = Release|Any CPU
		{24862D67-3D65-408E-8D43-CC518CC30261}.Release|Any CPU.Build.0 = Release|Any CPU
	EndGlobalSection
	GlobalSection(SolutionProperties) = preSolution
		HideSolutionNode = FALSE
	EndGlobalSection
	GlobalSection(NestedProjects) = preSolution
		{3F9278F8-36DC-405F-944C-5A1F5BDF8540} = {8D52D015-43B7-4BB6-8287-398CD266FF47}
		{E8FE9F90-5BE5-4C1F-9419-AEFAFA5FEFE5} = {8D52D015-43B7-4BB6-8287-398CD266FF47}
		{24862D67-3D65-408E-8D43-CC518CC30261} = {620F96EF-DBF6-4FC8-837A-DA3BD8CC760E}
	EndGlobalSection
	GlobalSection(ExtensibilityGlobals) = postSolution
		SolutionGuid = {599450E1-2141-42A6-8379-FAE2D8D755B7}
	EndGlobalSection
EndGlobal
